// !$*UTF8*$!
{
	archiveVersion = 1;
	classes = {
	};
	objectVersion = 56;
	objects = {

/* Begin PBXBuildFile section */
		AC74A44A2A94C60E000A9112 /* AppDelegate.swift in Sources */ = {isa = PBXBuildFile; fileRef = AC74A4492A94C60E000A9112 /* AppDelegate.swift */; };
		AC74A44E2A94C60E000A9112 /* NewsListViewController.swift in Sources */ = {isa = PBXBuildFile; fileRef = AC74A44D2A94C60E000A9112 /* NewsListViewController.swift */; };
		AC74A4532A94C610000A9112 /* Assets.xcassets in Resources */ = {isa = PBXBuildFile; fileRef = AC74A4522A94C610000A9112 /* Assets.xcassets */; };
		AC74A4562A94C610000A9112 /* LaunchScreen.storyboard in Resources */ = {isa = PBXBuildFile; fileRef = AC74A4542A94C610000A9112 /* LaunchScreen.storyboard */; };
		AC74A4612A94CD08000A9112 /* FavoriteNewsViewController.swift in Sources */ = {isa = PBXBuildFile; fileRef = AC74A4602A94CD08000A9112 /* FavoriteNewsViewController.swift */; };
		AC74A4642A94CDA0000A9112 /* TabBarViewController.swift in Sources */ = {isa = PBXBuildFile; fileRef = AC74A4632A94CDA0000A9112 /* TabBarViewController.swift */; };
		AC74A4662A94CDBC000A9112 /* TabBarViewModel.swift in Sources */ = {isa = PBXBuildFile; fileRef = AC74A4652A94CDBC000A9112 /* TabBarViewModel.swift */; };
		AC74A4692A94CE30000A9112 /* NewListViewModel.swift in Sources */ = {isa = PBXBuildFile; fileRef = AC74A4682A94CE30000A9112 /* NewListViewModel.swift */; };
		AC74A46C2A94CE50000A9112 /* FavoriteNewsViewModel.swift in Sources */ = {isa = PBXBuildFile; fileRef = AC74A46B2A94CE50000A9112 /* FavoriteNewsViewModel.swift */; };
		AC74A46F2A94D062000A9112 /* Box.swift in Sources */ = {isa = PBXBuildFile; fileRef = AC74A46E2A94D062000A9112 /* Box.swift */; };
		AC74A4722A94D1F4000A9112 /* NewsCell.swift in Sources */ = {isa = PBXBuildFile; fileRef = AC74A4712A94D1F4000A9112 /* NewsCell.swift */; };
		AC74A4742A94D240000A9112 /* NewsCellViewModel.swift in Sources */ = {isa = PBXBuildFile; fileRef = AC74A4732A94D240000A9112 /* NewsCellViewModel.swift */; };
		AC74A4772A94D36E000A9112 /* UICollectionViewCell.swift in Sources */ = {isa = PBXBuildFile; fileRef = AC74A4762A94D36E000A9112 /* UICollectionViewCell.swift */; };
/* End PBXBuildFile section */

/* Begin PBXFileReference section */
		AC74A4462A94C60E000A9112 /* MyNews.app */ = {isa = PBXFileReference; explicitFileType = wrapper.application; includeInIndex = 0; path = MyNews.app; sourceTree = BUILT_PRODUCTS_DIR; };
		AC74A4492A94C60E000A9112 /* AppDelegate.swift */ = {isa = PBXFileReference; lastKnownFileType = sourcecode.swift; path = AppDelegate.swift; sourceTree = "<group>"; };
		AC74A44D2A94C60E000A9112 /* NewsListViewController.swift */ = {isa = PBXFileReference; lastKnownFileType = sourcecode.swift; path = NewsListViewController.swift; sourceTree = "<group>"; };
		AC74A4522A94C610000A9112 /* Assets.xcassets */ = {isa = PBXFileReference; lastKnownFileType = folder.assetcatalog; path = Assets.xcassets; sourceTree = "<group>"; };
		AC74A4552A94C610000A9112 /* Base */ = {isa = PBXFileReference; lastKnownFileType = file.storyboard; name = Base; path = Base.lproj/LaunchScreen.storyboard; sourceTree = "<group>"; };
		AC74A4572A94C610000A9112 /* Info.plist */ = {isa = PBXFileReference; lastKnownFileType = text.plist.xml; path = Info.plist; sourceTree = "<group>"; };
		AC74A4602A94CD08000A9112 /* FavoriteNewsViewController.swift */ = {isa = PBXFileReference; lastKnownFileType = sourcecode.swift; path = FavoriteNewsViewController.swift; sourceTree = "<group>"; };
		AC74A4632A94CDA0000A9112 /* TabBarViewController.swift */ = {isa = PBXFileReference; lastKnownFileType = sourcecode.swift; path = TabBarViewController.swift; sourceTree = "<group>"; };
		AC74A4652A94CDBC000A9112 /* TabBarViewModel.swift */ = {isa = PBXFileReference; lastKnownFileType = sourcecode.swift; path = TabBarViewModel.swift; sourceTree = "<group>"; };
		AC74A4682A94CE30000A9112 /* NewListViewModel.swift */ = {isa = PBXFileReference; lastKnownFileType = sourcecode.swift; path = NewListViewModel.swift; sourceTree = "<group>"; };
		AC74A46B2A94CE50000A9112 /* FavoriteNewsViewModel.swift */ = {isa = PBXFileReference; lastKnownFileType = sourcecode.swift; path = FavoriteNewsViewModel.swift; sourceTree = "<group>"; };
		AC74A46E2A94D062000A9112 /* Box.swift */ = {isa = PBXFileReference; lastKnownFileType = sourcecode.swift; path = Box.swift; sourceTree = "<group>"; };
		AC74A4712A94D1F4000A9112 /* NewsCell.swift */ = {isa = PBXFileReference; lastKnownFileType = sourcecode.swift; path = NewsCell.swift; sourceTree = "<group>"; };
		AC74A4732A94D240000A9112 /* NewsCellViewModel.swift */ = {isa = PBXFileReference; lastKnownFileType = sourcecode.swift; path = NewsCellViewModel.swift; sourceTree = "<group>"; };
		AC74A4762A94D36E000A9112 /* UICollectionViewCell.swift */ = {isa = PBXFileReference; lastKnownFileType = sourcecode.swift; path = UICollectionViewCell.swift; sourceTree = "<group>"; };
/* End PBXFileReference section */

/* Begin PBXFrameworksBuildPhase section */
		AC74A4432A94C60E000A9112 /* Frameworks */ = {
			isa = PBXFrameworksBuildPhase;
			buildActionMask = 2147483647;
			files = (
			);
			runOnlyForDeploymentPostprocessing = 0;
		};
/* End PBXFrameworksBuildPhase section */

/* Begin PBXGroup section */
		AC74A43D2A94C60E000A9112 = {
			isa = PBXGroup;
			children = (
				AC74A4482A94C60E000A9112 /* MyNews */,
				AC74A4472A94C60E000A9112 /* Products */,
			);
			sourceTree = "<group>";
		};
		AC74A4472A94C60E000A9112 /* Products */ = {
			isa = PBXGroup;
			children = (
				AC74A4462A94C60E000A9112 /* MyNews.app */,
			);
			name = Products;
			sourceTree = "<group>";
		};
		AC74A4482A94C60E000A9112 /* MyNews */ = {
			isa = PBXGroup;
			children = (
				AC74A46D2A94D052000A9112 /* Helpers */,
				AC74A45E2A94CA15000A9112 /* ViewControllers + ViewModels */,
				AC74A4752A94D34D000A9112 /* Extensions */,
				AC74A45D2A94CA03000A9112 /* App */,
				AC74A45F2A94CA1C000A9112 /* Resources */,
			);
			path = MyNews;
			sourceTree = "<group>";
		};
		AC74A45D2A94CA03000A9112 /* App */ = {
			isa = PBXGroup;
			children = (
				AC74A4492A94C60E000A9112 /* AppDelegate.swift */,
				AC74A4542A94C610000A9112 /* LaunchScreen.storyboard */,
				AC74A4572A94C610000A9112 /* Info.plist */,
			);
			path = App;
			sourceTree = "<group>";
		};
		AC74A45E2A94CA15000A9112 /* ViewControllers + ViewModels */ = {
			isa = PBXGroup;
			children = (
				AC74A4702A94D1D5000A9112 /* NewsCell */,
				AC74A4672A94CE16000A9112 /* NewListView */,
				AC74A46A2A94CE46000A9112 /* FavoriteNewsView */,
				AC74A4622A94CD5A000A9112 /* TabBarView */,
			);
			path = "ViewControllers + ViewModels";
			sourceTree = "<group>";
		};
		AC74A45F2A94CA1C000A9112 /* Resources */ = {
			isa = PBXGroup;
			children = (
				AC74A4522A94C610000A9112 /* Assets.xcassets */,
			);
			path = Resources;
			sourceTree = "<group>";
		};
		AC74A4622A94CD5A000A9112 /* TabBarView */ = {
			isa = PBXGroup;
			children = (
				AC74A4632A94CDA0000A9112 /* TabBarViewController.swift */,
				AC74A4652A94CDBC000A9112 /* TabBarViewModel.swift */,
			);
			path = TabBarView;
			sourceTree = "<group>";
		};
		AC74A4672A94CE16000A9112 /* NewListView */ = {
			isa = PBXGroup;
			children = (
				AC74A44D2A94C60E000A9112 /* NewsListViewController.swift */,
				AC74A4682A94CE30000A9112 /* NewListViewModel.swift */,
			);
			path = NewListView;
			sourceTree = "<group>";
		};
		AC74A46A2A94CE46000A9112 /* FavoriteNewsView */ = {
			isa = PBXGroup;
			children = (
				AC74A4602A94CD08000A9112 /* FavoriteNewsViewController.swift */,
				AC74A46B2A94CE50000A9112 /* FavoriteNewsViewModel.swift */,
			);
			path = FavoriteNewsView;
			sourceTree = "<group>";
		};
		AC74A46D2A94D052000A9112 /* Helpers */ = {
			isa = PBXGroup;
			children = (
				AC74A46E2A94D062000A9112 /* Box.swift */,
			);
			path = Helpers;
			sourceTree = "<group>";
		};
		AC74A4702A94D1D5000A9112 /* NewsCell */ = {
			isa = PBXGroup;
			children = (
				AC74A4712A94D1F4000A9112 /* NewsCell.swift */,
				AC74A4732A94D240000A9112 /* NewsCellViewModel.swift */,
			);
			path = NewsCell;
			sourceTree = "<group>";
		};
		AC74A4752A94D34D000A9112 /* Extensions */ = {
			isa = PBXGroup;
			children = (
				AC74A4762A94D36E000A9112 /* UICollectionViewCell.swift */,
			);
			path = Extensions;
			sourceTree = "<group>";
		};
/* End PBXGroup section */

/* Begin PBXNativeTarget section */
		AC74A4452A94C60E000A9112 /* MyNews */ = {
			isa = PBXNativeTarget;
			buildConfigurationList = AC74A45A2A94C610000A9112 /* Build configuration list for PBXNativeTarget "MyNews" */;
			buildPhases = (
				AC74A4422A94C60E000A9112 /* Sources */,
				AC74A4432A94C60E000A9112 /* Frameworks */,
				AC74A4442A94C60E000A9112 /* Resources */,
			);
			buildRules = (
			);
			dependencies = (
			);
			name = MyNews;
			productName = MyNews;
			productReference = AC74A4462A94C60E000A9112 /* MyNews.app */;
			productType = "com.apple.product-type.application";
		};
/* End PBXNativeTarget section */

/* Begin PBXProject section */
		AC74A43E2A94C60E000A9112 /* Project object */ = {
			isa = PBXProject;
			attributes = {
				BuildIndependentTargetsInParallel = 1;
				LastSwiftUpdateCheck = 1430;
				LastUpgradeCheck = 1430;
				TargetAttributes = {
					AC74A4452A94C60E000A9112 = {
						CreatedOnToolsVersion = 14.3.1;
					};
				};
			};
			buildConfigurationList = AC74A4412A94C60E000A9112 /* Build configuration list for PBXProject "MyNews" */;
			compatibilityVersion = "Xcode 14.0";
			developmentRegion = en;
			hasScannedForEncodings = 0;
			knownRegions = (
				en,
				Base,
			);
			mainGroup = AC74A43D2A94C60E000A9112;
			productRefGroup = AC74A4472A94C60E000A9112 /* Products */;
			projectDirPath = "";
			projectRoot = "";
			targets = (
				AC74A4452A94C60E000A9112 /* MyNews */,
			);
		};
/* End PBXProject section */

/* Begin PBXResourcesBuildPhase section */
		AC74A4442A94C60E000A9112 /* Resources */ = {
			isa = PBXResourcesBuildPhase;
			buildActionMask = 2147483647;
			files = (
				AC74A4562A94C610000A9112 /* LaunchScreen.storyboard in Resources */,
				AC74A4532A94C610000A9112 /* Assets.xcassets in Resources */,
			);
			runOnlyForDeploymentPostprocessing = 0;
		};
/* End PBXResourcesBuildPhase section */

/* Begin PBXSourcesBuildPhase section */
		AC74A4422A94C60E000A9112 /* Sources */ = {
			isa = PBXSourcesBuildPhase;
			buildActionMask = 2147483647;
			files = (
				AC74A4662A94CDBC000A9112 /* TabBarViewModel.swift in Sources */,
				AC74A4722A94D1F4000A9112 /* NewsCell.swift in Sources */,
				AC74A4692A94CE30000A9112 /* NewListViewModel.swift in Sources */,
				AC74A4642A94CDA0000A9112 /* TabBarViewController.swift in Sources */,
				AC74A46C2A94CE50000A9112 /* FavoriteNewsViewModel.swift in Sources */,
				AC74A4612A94CD08000A9112 /* FavoriteNewsViewController.swift in Sources */,
				AC74A4772A94D36E000A9112 /* UICollectionViewCell.swift in Sources */,
				AC74A46F2A94D062000A9112 /* Box.swift in Sources */,
				AC74A44E2A94C60E000A9112 /* NewsListViewController.swift in Sources */,
				AC74A44A2A94C60E000A9112 /* AppDelegate.swift in Sources */,
				AC74A4742A94D240000A9112 /* NewsCellViewModel.swift in Sources */,
			);
			runOnlyForDeploymentPostprocessing = 0;
		};
/* End PBXSourcesBuildPhase section */

/* Begin PBXVariantGroup section */
		AC74A4542A94C610000A9112 /* LaunchScreen.storyboard */ = {
			isa = PBXVariantGroup;
			children = (
				AC74A4552A94C610000A9112 /* Base */,
			);
			name = LaunchScreen.storyboard;
			sourceTree = "<group>";
		};
/* End PBXVariantGroup section */

/* Begin XCBuildConfiguration section */
		AC74A4582A94C610000A9112 /* Debug */ = {
			isa = XCBuildConfiguration;
			buildSettings = {
				ALWAYS_SEARCH_USER_PATHS = NO;
				CLANG_ANALYZER_NONNULL = YES;
				CLANG_ANALYZER_NUMBER_OBJECT_CONVERSION = YES_AGGRESSIVE;
				CLANG_CXX_LANGUAGE_STANDARD = "gnu++20";
				CLANG_ENABLE_MODULES = YES;
				CLANG_ENABLE_OBJC_ARC = YES;
				CLANG_ENABLE_OBJC_WEAK = YES;
				CLANG_WARN_BLOCK_CAPTURE_AUTORELEASING = YES;
				CLANG_WARN_BOOL_CONVERSION = YES;
				CLANG_WARN_COMMA = YES;
				CLANG_WARN_CONSTANT_CONVERSION = YES;
				CLANG_WARN_DEPRECATED_OBJC_IMPLEMENTATIONS = YES;
				CLANG_WARN_DIRECT_OBJC_ISA_USAGE = YES_ERROR;
				CLANG_WARN_DOCUMENTATION_COMMENTS = YES;
				CLANG_WARN_EMPTY_BODY = YES;
				CLANG_WARN_ENUM_CONVERSION = YES;
				CLANG_WARN_INFINITE_RECURSION = YES;
				CLANG_WARN_INT_CONVERSION = YES;
				CLANG_WARN_NON_LITERAL_NULL_CONVERSION = YES;
				CLANG_WARN_OBJC_IMPLICIT_RETAIN_SELF = YES;
				CLANG_WARN_OBJC_LITERAL_CONVERSION = YES;
				CLANG_WARN_OBJC_ROOT_CLASS = YES_ERROR;
				CLANG_WARN_QUOTED_INCLUDE_IN_FRAMEWORK_HEADER = YES;
				CLANG_WARN_RANGE_LOOP_ANALYSIS = YES;
				CLANG_WARN_STRICT_PROTOTYPES = YES;
				CLANG_WARN_SUSPICIOUS_MOVE = YES;
				CLANG_WARN_UNGUARDED_AVAILABILITY = YES_AGGRESSIVE;
				CLANG_WARN_UNREACHABLE_CODE = YES;
				CLANG_WARN__DUPLICATE_METHOD_MATCH = YES;
				COPY_PHASE_STRIP = NO;
				DEBUG_INFORMATION_FORMAT = dwarf;
				ENABLE_STRICT_OBJC_MSGSEND = YES;
				ENABLE_TESTABILITY = YES;
				GCC_C_LANGUAGE_STANDARD = gnu11;
				GCC_DYNAMIC_NO_PIC = NO;
				GCC_NO_COMMON_BLOCKS = YES;
				GCC_OPTIMIZATION_LEVEL = 0;
				GCC_PREPROCESSOR_DEFINITIONS = (
					"DEBUG=1",
					"$(inherited)",
				);
				GCC_WARN_64_TO_32_BIT_CONVERSION = YES;
				GCC_WARN_ABOUT_RETURN_TYPE = YES_ERROR;
				GCC_WARN_UNDECLARED_SELECTOR = YES;
				GCC_WARN_UNINITIALIZED_AUTOS = YES_AGGRESSIVE;
				GCC_WARN_UNUSED_FUNCTION = YES;
				GCC_WARN_UNUSED_VARIABLE = YES;
				IPHONEOS_DEPLOYMENT_TARGET = 16.4;
				MTL_ENABLE_DEBUG_INFO = INCLUDE_SOURCE;
				MTL_FAST_MATH = YES;
				ONLY_ACTIVE_ARCH = YES;
				SDKROOT = iphoneos;
				SWIFT_ACTIVE_COMPILATION_CONDITIONS = DEBUG;
				SWIFT_OPTIMIZATION_LEVEL = "-Onone";
			};
			name = Debug;
		};
		AC74A4592A94C610000A9112 /* Release */ = {
			isa = XCBuildConfiguration;
			buildSettings = {
				ALWAYS_SEARCH_USER_PATHS = NO;
				CLANG_ANALYZER_NONNULL = YES;
				CLANG_ANALYZER_NUMBER_OBJECT_CONVERSION = YES_AGGRESSIVE;
				CLANG_CXX_LANGUAGE_STANDARD = "gnu++20";
				CLANG_ENABLE_MODULES = YES;
				CLANG_ENABLE_OBJC_ARC = YES;
				CLANG_ENABLE_OBJC_WEAK = YES;
				CLANG_WARN_BLOCK_CAPTURE_AUTORELEASING = YES;
				CLANG_WARN_BOOL_CONVERSION = YES;
				CLANG_WARN_COMMA = YES;
				CLANG_WARN_CONSTANT_CONVERSION = YES;
				CLANG_WARN_DEPRECATED_OBJC_IMPLEMENTATIONS = YES;
				CLANG_WARN_DIRECT_OBJC_ISA_USAGE = YES_ERROR;
				CLANG_WARN_DOCUMENTATION_COMMENTS = YES;
				CLANG_WARN_EMPTY_BODY = YES;
				CLANG_WARN_ENUM_CONVERSION = YES;
				CLANG_WARN_INFINITE_RECURSION = YES;
				CLANG_WARN_INT_CONVERSION = YES;
				CLANG_WARN_NON_LITERAL_NULL_CONVERSION = YES;
				CLANG_WARN_OBJC_IMPLICIT_RETAIN_SELF = YES;
				CLANG_WARN_OBJC_LITERAL_CONVERSION = YES;
				CLANG_WARN_OBJC_ROOT_CLASS = YES_ERROR;
				CLANG_WARN_QUOTED_INCLUDE_IN_FRAMEWORK_HEADER = YES;
				CLANG_WARN_RANGE_LOOP_ANALYSIS = YES;
				CLANG_WARN_STRICT_PROTOTYPES = YES;
				CLANG_WARN_SUSPICIOUS_MOVE = YES;
				CLANG_WARN_UNGUARDED_AVAILABILITY = YES_AGGRESSIVE;
				CLANG_WARN_UNREACHABLE_CODE = YES;
				CLANG_WARN__DUPLICATE_METHOD_MATCH = YES;
				COPY_PHASE_STRIP = NO;
				DEBUG_INFORMATION_FORMAT = "dwarf-with-dsym";
				ENABLE_NS_ASSERTIONS = NO;
				ENABLE_STRICT_OBJC_MSGSEND = YES;
				GCC_C_LANGUAGE_STANDARD = gnu11;
				GCC_NO_COMMON_BLOCKS = YES;
				GCC_WARN_64_TO_32_BIT_CONVERSION = YES;
				GCC_WARN_ABOUT_RETURN_TYPE = YES_ERROR;
				GCC_WARN_UNDECLARED_SELECTOR = YES;
				GCC_WARN_UNINITIALIZED_AUTOS = YES_AGGRESSIVE;
				GCC_WARN_UNUSED_FUNCTION = YES;
				GCC_WARN_UNUSED_VARIABLE = YES;
				IPHONEOS_DEPLOYMENT_TARGET = 16.4;
				MTL_ENABLE_DEBUG_INFO = NO;
				MTL_FAST_MATH = YES;
				SDKROOT = iphoneos;
				SWIFT_COMPILATION_MODE = wholemodule;
				SWIFT_OPTIMIZATION_LEVEL = "-O";
				VALIDATE_PRODUCT = YES;
			};
			name = Release;
		};
		AC74A45B2A94C610000A9112 /* Debug */ = {
			isa = XCBuildConfiguration;
			buildSettings = {
				ASSETCATALOG_COMPILER_APPICON_NAME = AppIcon;
				ASSETCATALOG_COMPILER_GLOBAL_ACCENT_COLOR_NAME = AccentColor;
				CODE_SIGN_STYLE = Automatic;
				CURRENT_PROJECT_VERSION = 1;
				DEVELOPMENT_TEAM = QQ7NB58NL6;
				GENERATE_INFOPLIST_FILE = YES;
				INFOPLIST_FILE = MyNews/App/Info.plist;
				INFOPLIST_KEY_UIApplicationSupportsIndirectInputEvents = YES;
				INFOPLIST_KEY_UILaunchStoryboardName = LaunchScreen;
				INFOPLIST_KEY_UISupportedInterfaceOrientations = UIInterfaceOrientationPortrait;
				INFOPLIST_KEY_UISupportedInterfaceOrientations_iPad = "UIInterfaceOrientationLandscapeLeft UIInterfaceOrientationLandscapeRight UIInterfaceOrientationPortrait UIInterfaceOrientationPortraitUpsideDown";
				LD_RUNPATH_SEARCH_PATHS = (
					"$(inherited)",
					"@executable_path/Frameworks",
				);
				MARKETING_VERSION = 1.0;
				PRODUCT_BUNDLE_IDENTIFIER = PavlovAA.MyNews;
				PRODUCT_NAME = "$(TARGET_NAME)";
				SUPPORTED_PLATFORMS = "iphoneos iphonesimulator";
				SUPPORTS_MACCATALYST = NO;
				SUPPORTS_MAC_DESIGNED_FOR_IPHONE_IPAD = NO;
				SWIFT_EMIT_LOC_STRINGS = YES;
				SWIFT_VERSION = 5.0;
				TARGETED_DEVICE_FAMILY = 1;
			};
			name = Debug;
		};
		AC74A45C2A94C610000A9112 /* Release */ = {
			isa = XCBuildConfiguration;
			buildSettings = {
				ASSETCATALOG_COMPILER_APPICON_NAME = AppIcon;
				ASSETCATALOG_COMPILER_GLOBAL_ACCENT_COLOR_NAME = AccentColor;
				CODE_SIGN_STYLE = Automatic;
				CURRENT_PROJECT_VERSION = 1;
				DEVELOPMENT_TEAM = QQ7NB58NL6;
				GENERATE_INFOPLIST_FILE = YES;
				INFOPLIST_FILE = MyNews/App/Info.plist;
				INFOPLIST_KEY_UIApplicationSupportsIndirectInputEvents = YES;
				INFOPLIST_KEY_UILaunchStoryboardName = LaunchScreen;
				INFOPLIST_KEY_UISupportedInterfaceOrientations = UIInterfaceOrientationPortrait;
				INFOPLIST_KEY_UISupportedInterfaceOrientations_iPad = "UIInterfaceOrientationLandscapeLeft UIInterfaceOrientationLandscapeRight UIInterfaceOrientationPortrait UIInterfaceOrientationPortraitUpsideDown";
				LD_RUNPATH_SEARCH_PATHS = (
					"$(inherited)",
					"@executable_path/Frameworks",
				);
				MARKETING_VERSION = 1.0;
				PRODUCT_BUNDLE_IDENTIFIER = PavlovAA.MyNews;
				PRODUCT_NAME = "$(TARGET_NAME)";
				SUPPORTED_PLATFORMS = "iphoneos iphonesimulator";
				SUPPORTS_MACCATALYST = NO;
				SUPPORTS_MAC_DESIGNED_FOR_IPHONE_IPAD = NO;
				SWIFT_EMIT_LOC_STRINGS = YES;
				SWIFT_VERSION = 5.0;
				TARGETED_DEVICE_FAMILY = 1;
			};
			name = Release;
		};
/* End XCBuildConfiguration section */

/* Begin XCConfigurationList section */
		AC74A4412A94C60E000A9112 /* Build configuration list for PBXProject "MyNews" */ = {
			isa = XCConfigurationList;
			buildConfigurations = (
				AC74A4582A94C610000A9112 /* Debug */,
				AC74A4592A94C610000A9112 /* Release */,
			);
			defaultConfigurationIsVisible = 0;
			defaultConfigurationName = Release;
		};
		AC74A45A2A94C610000A9112 /* Build configuration list for PBXNativeTarget "MyNews" */ = {
			isa = XCConfigurationList;
			buildConfigurations = (
				AC74A45B2A94C610000A9112 /* Debug */,
				AC74A45C2A94C610000A9112 /* Release */,
			);
			defaultConfigurationIsVisible = 0;
			defaultConfigurationName = Release;
		};
/* End XCConfigurationList section */
	};
	rootObject = AC74A43E2A94C60E000A9112 /* Project object */;
}
